// !$*UTF8*$!
{
	archiveVersion = 1;
	classes = {
	};
	objectVersion = 50;
	objects = {

/* Begin PBXBuildFile section */
		DD9157EF248D396E00360979 /* AppDelegate.swift in Sources */ = {isa = PBXBuildFile; fileRef = DD9157EE248D396E00360979 /* AppDelegate.swift */; };
		DD9157F1248D396E00360979 /* SceneDelegate.swift in Sources */ = {isa = PBXBuildFile; fileRef = DD9157F0248D396E00360979 /* SceneDelegate.swift */; };
		DD9157F3248D396E00360979 /* ListExampleViewController.swift in Sources */ = {isa = PBXBuildFile; fileRef = DD9157F2248D396E00360979 /* ListExampleViewController.swift */; };
		DD9157F6248D396E00360979 /* Main.storyboard in Resources */ = {isa = PBXBuildFile; fileRef = DD9157F4248D396E00360979 /* Main.storyboard */; };
		DD9157F8248D397000360979 /* Assets.xcassets in Resources */ = {isa = PBXBuildFile; fileRef = DD9157F7248D397000360979 /* Assets.xcassets */; };
		DD9157FB248D397000360979 /* LaunchScreen.storyboard in Resources */ = {isa = PBXBuildFile; fileRef = DD9157F9248D397000360979 /* LaunchScreen.storyboard */; };
		DD915806248D397000360979 /* List_JSON_ExampleTests.swift in Sources */ = {isa = PBXBuildFile; fileRef = DD915805248D397000360979 /* List_JSON_ExampleTests.swift */; };
		DD915811248D3ADD00360979 /* ListExampleView.swift in Sources */ = {isa = PBXBuildFile; fileRef = DD915810248D3ADD00360979 /* ListExampleView.swift */; };
		DD915813248D3AFF00360979 /* ListExampleViewModel.swift in Sources */ = {isa = PBXBuildFile; fileRef = DD915812248D3AFF00360979 /* ListExampleViewModel.swift */; };
		DD915816248D3B1F00360979 /* ListExampleModel.swift in Sources */ = {isa = PBXBuildFile; fileRef = DD915815248D3B1F00360979 /* ListExampleModel.swift */; };
/* End PBXBuildFile section */

/* Begin PBXContainerItemProxy section */
		DD915802248D397000360979 /* PBXContainerItemProxy */ = {
			isa = PBXContainerItemProxy;
			containerPortal = DD9157E3248D396E00360979 /* Project object */;
			proxyType = 1;
			remoteGlobalIDString = DD9157EA248D396E00360979;
			remoteInfo = "List JSON Example";
		};
/* End PBXContainerItemProxy section */

/* Begin PBXFileReference section */
		DD9157EB248D396E00360979 /* List JSON Example.app */ = {isa = PBXFileReference; explicitFileType = wrapper.application; includeInIndex = 0; path = "List JSON Example.app"; sourceTree = BUILT_PRODUCTS_DIR; };
		DD9157EE248D396E00360979 /* AppDelegate.swift */ = {isa = PBXFileReference; lastKnownFileType = sourcecode.swift; path = AppDelegate.swift; sourceTree = "<group>"; };
		DD9157F0248D396E00360979 /* SceneDelegate.swift */ = {isa = PBXFileReference; lastKnownFileType = sourcecode.swift; path = SceneDelegate.swift; sourceTree = "<group>"; };
		DD9157F2248D396E00360979 /* ListExampleViewController.swift */ = {isa = PBXFileReference; lastKnownFileType = sourcecode.swift; path = ListExampleViewController.swift; sourceTree = "<group>"; };
		DD9157F5248D396E00360979 /* Base */ = {isa = PBXFileReference; lastKnownFileType = file.storyboard; name = Base; path = Base.lproj/Main.storyboard; sourceTree = "<group>"; };
		DD9157F7248D397000360979 /* Assets.xcassets */ = {isa = PBXFileReference; lastKnownFileType = folder.assetcatalog; path = Assets.xcassets; sourceTree = "<group>"; };
		DD9157FA248D397000360979 /* Base */ = {isa = PBXFileReference; lastKnownFileType = file.storyboard; name = Base; path = Base.lproj/LaunchScreen.storyboard; sourceTree = "<group>"; };
		DD9157FC248D397000360979 /* Info.plist */ = {isa = PBXFileReference; lastKnownFileType = text.plist.xml; path = Info.plist; sourceTree = "<group>"; };
		DD915801248D397000360979 /* List JSON ExampleTests.xctest */ = {isa = PBXFileReference; explicitFileType = wrapper.cfbundle; includeInIndex = 0; path = "List JSON ExampleTests.xctest"; sourceTree = BUILT_PRODUCTS_DIR; };
		DD915805248D397000360979 /* List_JSON_ExampleTests.swift */ = {isa = PBXFileReference; lastKnownFileType = sourcecode.swift; path = List_JSON_ExampleTests.swift; sourceTree = "<group>"; };
		DD915807248D397000360979 /* Info.plist */ = {isa = PBXFileReference; lastKnownFileType = text.plist.xml; path = Info.plist; sourceTree = "<group>"; };
		DD915810248D3ADD00360979 /* ListExampleView.swift */ = {isa = PBXFileReference; lastKnownFileType = sourcecode.swift; path = ListExampleView.swift; sourceTree = "<group>"; };
		DD915812248D3AFF00360979 /* ListExampleViewModel.swift */ = {isa = PBXFileReference; lastKnownFileType = sourcecode.swift; path = ListExampleViewModel.swift; sourceTree = "<group>"; };
		DD915815248D3B1F00360979 /* ListExampleModel.swift */ = {isa = PBXFileReference; lastKnownFileType = sourcecode.swift; path = ListExampleModel.swift; sourceTree = "<group>"; };
/* End PBXFileReference section */

/* Begin PBXFrameworksBuildPhase section */
		DD9157E8248D396E00360979 /* Frameworks */ = {
			isa = PBXFrameworksBuildPhase;
			buildActionMask = 2147483647;
			files = (
			);
			runOnlyForDeploymentPostprocessing = 0;
		};
		DD9157FE248D397000360979 /* Frameworks */ = {
			isa = PBXFrameworksBuildPhase;
			buildActionMask = 2147483647;
			files = (
			);
			runOnlyForDeploymentPostprocessing = 0;
		};
/* End PBXFrameworksBuildPhase section */

/* Begin PBXGroup section */
		DD9157E2248D396E00360979 = {
			isa = PBXGroup;
			children = (
				DD9157ED248D396E00360979 /* List JSON Example */,
				DD915804248D397000360979 /* List JSON ExampleTests */,
				DD9157EC248D396E00360979 /* Products */,
			);
			sourceTree = "<group>";
		};
		DD9157EC248D396E00360979 /* Products */ = {
			isa = PBXGroup;
			children = (
				DD9157EB248D396E00360979 /* List JSON Example.app */,
				DD915801248D397000360979 /* List JSON ExampleTests.xctest */,
			);
			name = Products;
			sourceTree = "<group>";
		};
		DD9157ED248D396E00360979 /* List JSON Example */ = {
			isa = PBXGroup;
			children = (
				DD9157EE248D396E00360979 /* AppDelegate.swift */,
				DD9157F7248D397000360979 /* Assets.xcassets */,
				DD9157FC248D397000360979 /* Info.plist */,
				DD9157F9248D397000360979 /* LaunchScreen.storyboard */,
				DD915810248D3ADD00360979 /* ListExampleView.swift */,
				DD9157F2248D396E00360979 /* ListExampleViewController.swift */,
				DD915812248D3AFF00360979 /* ListExampleViewModel.swift */,
				DD9157F4248D396E00360979 /* Main.storyboard */,
				DD915814248D3B1200360979 /* Models */,
				DD9157F0248D396E00360979 /* SceneDelegate.swift */,
			);
			path = "List JSON Example";
			sourceTree = "<group>";
		};
		DD915804248D397000360979 /* List JSON ExampleTests */ = {
			isa = PBXGroup;
			children = (
				DD915805248D397000360979 /* List_JSON_ExampleTests.swift */,
				DD915807248D397000360979 /* Info.plist */,
			);
			path = "List JSON ExampleTests";
			sourceTree = "<group>";
		};
		DD915814248D3B1200360979 /* Models */ = {
			isa = PBXGroup;
			children = (
				DD915815248D3B1F00360979 /* ListExampleModel.swift */,
			);
			path = Models;
			sourceTree = "<group>";
		};
/* End PBXGroup section */

/* Begin PBXNativeTarget section */
		DD9157EA248D396E00360979 /* List JSON Example */ = {
			isa = PBXNativeTarget;
			buildConfigurationList = DD91580A248D397000360979 /* Build configuration list for PBXNativeTarget "List JSON Example" */;
			buildPhases = (
				DD9157E7248D396E00360979 /* Sources */,
				DD9157E8248D396E00360979 /* Frameworks */,
				DD9157E9248D396E00360979 /* Resources */,
			);
			buildRules = (
			);
			dependencies = (
			);
			name = "List JSON Example";
			productName = "List JSON Example";
			productReference = DD9157EB248D396E00360979 /* List JSON Example.app */;
			productType = "com.apple.product-type.application";
		};
		DD915800248D397000360979 /* List JSON ExampleTests */ = {
			isa = PBXNativeTarget;
			buildConfigurationList = DD91580D248D397000360979 /* Build configuration list for PBXNativeTarget "List JSON ExampleTests" */;
			buildPhases = (
				DD9157FD248D397000360979 /* Sources */,
				DD9157FE248D397000360979 /* Frameworks */,
				DD9157FF248D397000360979 /* Resources */,
			);
			buildRules = (
			);
			dependencies = (
				DD915803248D397000360979 /* PBXTargetDependency */,
			);
			name = "List JSON ExampleTests";
			productName = "List JSON ExampleTests";
			productReference = DD915801248D397000360979 /* List JSON ExampleTests.xctest */;
			productType = "com.apple.product-type.bundle.unit-test";
		};
/* End PBXNativeTarget section */

/* Begin PBXProject section */
		DD9157E3248D396E00360979 /* Project object */ = {
			isa = PBXProject;
			attributes = {
				LastSwiftUpdateCheck = 1150;
				LastUpgradeCheck = 1150;
				ORGANIZATIONNAME = "Jonas Bylund";
				TargetAttributes = {
					DD9157EA248D396E00360979 = {
						CreatedOnToolsVersion = 11.5;
					};
					DD915800248D397000360979 = {
						CreatedOnToolsVersion = 11.5;
						TestTargetID = DD9157EA248D396E00360979;
					};
				};
			};
			buildConfigurationList = DD9157E6248D396E00360979 /* Build configuration list for PBXProject "List JSON Example" */;
			compatibilityVersion = "Xcode 9.3";
			developmentRegion = en;
			hasScannedForEncodings = 0;
			knownRegions = (
				en,
				Base,
			);
			mainGroup = DD9157E2248D396E00360979;
			productRefGroup = DD9157EC248D396E00360979 /* Products */;
			projectDirPath = "";
			projectRoot = "";
			targets = (
				DD9157EA248D396E00360979 /* List JSON Example */,
				DD915800248D397000360979 /* List JSON ExampleTests */,
			);
		};
/* End PBXProject section */

/* Begin PBXResourcesBuildPhase section */
		DD9157E9248D396E00360979 /* Resources */ = {
			isa = PBXResourcesBuildPhase;
			buildActionMask = 2147483647;
			files = (
				DD9157FB248D397000360979 /* LaunchScreen.storyboard in Resources */,
				DD9157F8248D397000360979 /* Assets.xcassets in Resources */,
				DD9157F6248D396E00360979 /* Main.storyboard in Resources */,
			);
			runOnlyForDeploymentPostprocessing = 0;
		};
		DD9157FF248D397000360979 /* Resources */ = {
			isa = PBXResourcesBuildPhase;
			buildActionMask = 2147483647;
			files = (
			);
			runOnlyForDeploymentPostprocessing = 0;
		};
/* End PBXResourcesBuildPhase section */

/* Begin PBXSourcesBuildPhase section */
		DD9157E7248D396E00360979 /* Sources */ = {
			isa = PBXSourcesBuildPhase;
			buildActionMask = 2147483647;
			files = (
				DD915816248D3B1F00360979 /* ListExampleModel.swift in Sources */,
				DD9157F3248D396E00360979 /* ListExampleViewController.swift in Sources */,
				DD9157EF248D396E00360979 /* AppDelegate.swift in Sources */,
				DD9157F1248D396E00360979 /* SceneDelegate.swift in Sources */,
				DD915811248D3ADD00360979 /* ListExampleView.swift in Sources */,
				DD915813248D3AFF00360979 /* ListExampleViewModel.swift in Sources */,
			);
			runOnlyForDeploymentPostprocessing = 0;
		};
		DD9157FD248D397000360979 /* Sources */ = {
			isa = PBXSourcesBuildPhase;
			buildActionMask = 2147483647;
			files = (
				DD915806248D397000360979 /* List_JSON_ExampleTests.swift in Sources */,
			);
			runOnlyForDeploymentPostprocessing = 0;
		};
/* End PBXSourcesBuildPhase section */

/* Begin PBXTargetDependency section */
		DD915803248D397000360979 /* PBXTargetDependency */ = {
			isa = PBXTargetDependency;
			target = DD9157EA248D396E00360979 /* List JSON Example */;
			targetProxy = DD915802248D397000360979 /* PBXContainerItemProxy */;
		};
/* End PBXTargetDependency section */

/* Begin PBXVariantGroup section */
		DD9157F4248D396E00360979 /* Main.storyboard */ = {
			isa = PBXVariantGroup;
			children = (
				DD9157F5248D396E00360979 /* Base */,
			);
			name = Main.storyboard;
			sourceTree = "<group>";
		};
		DD9157F9248D397000360979 /* LaunchScreen.storyboard */ = {
			isa = PBXVariantGroup;
			children = (
				DD9157FA248D397000360979 /* Base */,
			);
			name = LaunchScreen.storyboard;
			sourceTree = "<group>";
		};
/* End PBXVariantGroup section */

/* Begin XCBuildConfiguration section */
		DD915808248D397000360979 /* Debug */ = {
			isa = XCBuildConfiguration;
			buildSettings = {
				ALWAYS_SEARCH_USER_PATHS = NO;
				CLANG_ANALYZER_NONNULL = YES;
				CLANG_ANALYZER_NUMBER_OBJECT_CONVERSION = YES_AGGRESSIVE;
				CLANG_CXX_LANGUAGE_STANDARD = "gnu++14";
				CLANG_CXX_LIBRARY = "libc++";
				CLANG_ENABLE_MODULES = YES;
				CLANG_ENABLE_OBJC_ARC = YES;
				CLANG_ENABLE_OBJC_WEAK = YES;
				CLANG_WARN_BLOCK_CAPTURE_AUTORELEASING = YES;
				CLANG_WARN_BOOL_CONVERSION = YES;
				CLANG_WARN_COMMA = YES;
				CLANG_WARN_CONSTANT_CONVERSION = YES;
				CLANG_WARN_DEPRECATED_OBJC_IMPLEMENTATIONS = YES;
				CLANG_WARN_DIRECT_OBJC_ISA_USAGE = YES_ERROR;
				CLANG_WARN_DOCUMENTATION_COMMENTS = YES;
				CLANG_WARN_EMPTY_BODY = YES;
				CLANG_WARN_ENUM_CONVERSION = YES;
				CLANG_WARN_INFINITE_RECURSION = YES;
				CLANG_WARN_INT_CONVERSION = YES;
				CLANG_WARN_NON_LITERAL_NULL_CONVERSION = YES;
				CLANG_WARN_OBJC_IMPLICIT_RETAIN_SELF = YES;
				CLANG_WARN_OBJC_LITERAL_CONVERSION = YES;
				CLANG_WARN_OBJC_ROOT_CLASS = YES_ERROR;
				CLANG_WARN_RANGE_LOOP_ANALYSIS = YES;
				CLANG_WARN_STRICT_PROTOTYPES = YES;
				CLANG_WARN_SUSPICIOUS_MOVE = YES;
				CLANG_WARN_UNGUARDED_AVAILABILITY = YES_AGGRESSIVE;
				CLANG_WARN_UNREACHABLE_CODE = YES;
				CLANG_WARN__DUPLICATE_METHOD_MATCH = YES;
				COPY_PHASE_STRIP = NO;
				DEBUG_INFORMATION_FORMAT = dwarf;
				ENABLE_STRICT_OBJC_MSGSEND = YES;
				ENABLE_TESTABILITY = YES;
				GCC_C_LANGUAGE_STANDARD = gnu11;
				GCC_DYNAMIC_NO_PIC = NO;
				GCC_NO_COMMON_BLOCKS = YES;
				GCC_OPTIMIZATION_LEVEL = 0;
				GCC_PREPROCESSOR_DEFINITIONS = (
					"DEBUG=1",
					"$(inherited)",
				);
				GCC_WARN_64_TO_32_BIT_CONVERSION = YES;
				GCC_WARN_ABOUT_RETURN_TYPE = YES_ERROR;
				GCC_WARN_UNDECLARED_SELECTOR = YES;
				GCC_WARN_UNINITIALIZED_AUTOS = YES_AGGRESSIVE;
				GCC_WARN_UNUSED_FUNCTION = YES;
				GCC_WARN_UNUSED_VARIABLE = YES;
				IPHONEOS_DEPLOYMENT_TARGET = 13.5;
				MTL_ENABLE_DEBUG_INFO = INCLUDE_SOURCE;
				MTL_FAST_MATH = YES;
				ONLY_ACTIVE_ARCH = YES;
				SDKROOT = iphoneos;
				SWIFT_ACTIVE_COMPILATION_CONDITIONS = DEBUG;
				SWIFT_OPTIMIZATION_LEVEL = "-Onone";
			};
			name = Debug;
		};
		DD915809248D397000360979 /* Release */ = {
			isa = XCBuildConfiguration;
			buildSettings = {
				ALWAYS_SEARCH_USER_PATHS = NO;
				CLANG_ANALYZER_NONNULL = YES;
				CLANG_ANALYZER_NUMBER_OBJECT_CONVERSION = YES_AGGRESSIVE;
				CLANG_CXX_LANGUAGE_STANDARD = "gnu++14";
				CLANG_CXX_LIBRARY = "libc++";
				CLANG_ENABLE_MODULES = YES;
				CLANG_ENABLE_OBJC_ARC = YES;
				CLANG_ENABLE_OBJC_WEAK = YES;
				CLANG_WARN_BLOCK_CAPTURE_AUTORELEASING = YES;
				CLANG_WARN_BOOL_CONVERSION = YES;
				CLANG_WARN_COMMA = YES;
				CLANG_WARN_CONSTANT_CONVERSION = YES;
				CLANG_WARN_DEPRECATED_OBJC_IMPLEMENTATIONS = YES;
				CLANG_WARN_DIRECT_OBJC_ISA_USAGE = YES_ERROR;
				CLANG_WARN_DOCUMENTATION_COMMENTS = YES;
				CLANG_WARN_EMPTY_BODY = YES;
				CLANG_WARN_ENUM_CONVERSION = YES;
				CLANG_WARN_INFINITE_RECURSION = YES;
				CLANG_WARN_INT_CONVERSION = YES;
				CLANG_WARN_NON_LITERAL_NULL_CONVERSION = YES;
				CLANG_WARN_OBJC_IMPLICIT_RETAIN_SELF = YES;
				CLANG_WARN_OBJC_LITERAL_CONVERSION = YES;
				CLANG_WARN_OBJC_ROOT_CLASS = YES_ERROR;
				CLANG_WARN_RANGE_LOOP_ANALYSIS = YES;
				CLANG_WARN_STRICT_PROTOTYPES = YES;
				CLANG_WARN_SUSPICIOUS_MOVE = YES;
				CLANG_WARN_UNGUARDED_AVAILABILITY = YES_AGGRESSIVE;
				CLANG_WARN_UNREACHABLE_CODE = YES;
				CLANG_WARN__DUPLICATE_METHOD_MATCH = YES;
				COPY_PHASE_STRIP = NO;
				DEBUG_INFORMATION_FORMAT = "dwarf-with-dsym";
				ENABLE_NS_ASSERTIONS = NO;
				ENABLE_STRICT_OBJC_MSGSEND = YES;
				GCC_C_LANGUAGE_STANDARD = gnu11;
				GCC_NO_COMMON_BLOCKS = YES;
				GCC_WARN_64_TO_32_BIT_CONVERSION = YES;
				GCC_WARN_ABOUT_RETURN_TYPE = YES_ERROR;
				GCC_WARN_UNDECLARED_SELECTOR = YES;
				GCC_WARN_UNINITIALIZED_AUTOS = YES_AGGRESSIVE;
				GCC_WARN_UNUSED_FUNCTION = YES;
				GCC_WARN_UNUSED_VARIABLE = YES;
				IPHONEOS_DEPLOYMENT_TARGET = 13.5;
				MTL_ENABLE_DEBUG_INFO = NO;
				MTL_FAST_MATH = YES;
				SDKROOT = iphoneos;
				SWIFT_COMPILATION_MODE = wholemodule;
				SWIFT_OPTIMIZATION_LEVEL = "-O";
				VALIDATE_PRODUCT = YES;
			};
			name = Release;
		};
		DD91580B248D397000360979 /* Debug */ = {
			isa = XCBuildConfiguration;
			buildSettings = {
				ASSETCATALOG_COMPILER_APPICON_NAME = AppIcon;
				CODE_SIGN_STYLE = Automatic;
				DEVELOPMENT_TEAM = M59QFQS52F;
				INFOPLIST_FILE = "List JSON Example/Info.plist";
				LD_RUNPATH_SEARCH_PATHS = (
					"$(inherited)",
					"@executable_path/Frameworks",
				);
				PRODUCT_BUNDLE_IDENTIFIER = "Jonas-Bylund.List-JSON-Example";
				PRODUCT_NAME = "$(TARGET_NAME)";
				SWIFT_VERSION = 5.0;
				TARGETED_DEVICE_FAMILY = "1,2";
			};
			name = Debug;
		};
		DD91580C248D397000360979 /* Release */ = {
			isa = XCBuildConfiguration;
			buildSettings = {
				ASSETCATALOG_COMPILER_APPICON_NAME = AppIcon;
				CODE_SIGN_STYLE = Automatic;
				DEVELOPMENT_TEAM = M59QFQS52F;
				INFOPLIST_FILE = "List JSON Example/Info.plist";
				LD_RUNPATH_SEARCH_PATHS = (
					"$(inherited)",
					"@executable_path/Frameworks",
				);
				PRODUCT_BUNDLE_IDENTIFIER = "Jonas-Bylund.List-JSON-Example";
				PRODUCT_NAME = "$(TARGET_NAME)";
				SWIFT_VERSION = 5.0;
				TARGETED_DEVICE_FAMILY = "1,2";
			};
			name = Release;
		};
		DD91580E248D397000360979 /* Debug */ = {
			isa = XCBuildConfiguration;
			buildSettings = {
				ALWAYS_EMBED_SWIFT_STANDARD_LIBRARIES = YES;
				BUNDLE_LOADER = "$(TEST_HOST)";
				CODE_SIGN_STYLE = Automatic;
				INFOPLIST_FILE = "List JSON ExampleTests/Info.plist";
				IPHONEOS_DEPLOYMENT_TARGET = 13.5;
				LD_RUNPATH_SEARCH_PATHS = (
					"$(inherited)",
					"@executable_path/Frameworks",
					"@loader_path/Frameworks",
				);
				PRODUCT_BUNDLE_IDENTIFIER = "Jonas-Bylund.List-JSON-ExampleTests";
				PRODUCT_NAME = "$(TARGET_NAME)";
				SWIFT_VERSION = 5.0;
				TARGETED_DEVICE_FAMILY = "1,2";
				TEST_HOST = "$(BUILT_PRODUCTS_DIR)/List JSON Example.app/List JSON Example";
			};
			name = Debug;
		};
		DD91580F248D397000360979 /* Release */ = {
			isa = XCBuildConfiguration;
			buildSettings = {
				ALWAYS_EMBED_SWIFT_STANDARD_LIBRARIES = YES;
				BUNDLE_LOADER = "$(TEST_HOST)";
				CODE_SIGN_STYLE = Automatic;
				INFOPLIST_FILE = "List JSON ExampleTests/Info.plist";
				IPHONEOS_DEPLOYMENT_TARGET = 13.5;
				LD_RUNPATH_SEARCH_PATHS = (
					"$(inherited)",
					"@executable_path/Frameworks",
					"@loader_path/Frameworks",
				);
				PRODUCT_BUNDLE_IDENTIFIER = "Jonas-Bylund.List-JSON-ExampleTests";
				PRODUCT_NAME = "$(TARGET_NAME)";
				SWIFT_VERSION = 5.0;
				TARGETED_DEVICE_FAMILY = "1,2";
				TEST_HOST = "$(BUILT_PRODUCTS_DIR)/List JSON Example.app/List JSON Example";
			};
			name = Release;
		};
/* End XCBuildConfiguration section */

/* Begin XCConfigurationList section */
		DD9157E6248D396E00360979 /* Build configuration list for PBXProject "List JSON Example" */ = {
			isa = XCConfigurationList;
			buildConfigurations = (
				DD915808248D397000360979 /* Debug */,
				DD915809248D397000360979 /* Release */,
			);
			defaultConfigurationIsVisible = 0;
			defaultConfigurationName = Release;
		};
		DD91580A248D397000360979 /* Build configuration list for PBXNativeTarget "List JSON Example" */ = {
			isa = XCConfigurationList;
			buildConfigurations = (
				DD91580B248D397000360979 /* Debug */,
				DD91580C248D397000360979 /* Release */,
			);
			defaultConfigurationIsVisible = 0;
			defaultConfigurationName = Release;
		};
		DD91580D248D397000360979 /* Build configuration list for PBXNativeTarget "List JSON ExampleTests" */ = {
			isa = XCConfigurationList;
			buildConfigurations = (
				DD91580E248D397000360979 /* Debug */,
				DD91580F248D397000360979 /* Release */,
			);
			defaultConfigurationIsVisible = 0;
			defaultConfigurationName = Release;
		};
/* End XCConfigurationList section */
	};
	rootObject = DD9157E3248D396E00360979 /* Project object */;
}
